{
  "name": "libretro-database-puzzlescript",
  "version": "0.0.1",
  "lockfileVersion": 2,
  "requires": true,
  "packages": {
    "": {
      "name": "libretro-database-puzzlescript",
      "version": "0.0.1",
      "license": "MIT",
      "dependencies": {
        "crc32": "^0.2.2",
        "md5": "^2.3.0",
        "robloach-datfile": "^2.3.0",
        "sha1": "^1.1.1"
      }
    },
    "node_modules/assign-symbols": {
      "version": "1.0.0",
      "resolved": "https://registry.npmjs.org/assign-symbols/-/assign-symbols-1.0.0.tgz",
      "integrity": "sha512-Q+JC7Whu8HhmTdBph/Tq59IoRtoy6KAm5zzPv00WdujX82lbAL8K7WVjne7vdCsAmbF4AYaDOPyO3k0kl8qIrw==",
      "engines": {
        "node": ">=0.10.0"
      }
    },
    "node_modules/charenc": {
      "version": "0.0.2",
      "resolved": "https://registry.npmjs.org/charenc/-/charenc-0.0.2.tgz",
      "integrity": "sha512-yrLQ/yVUFXkzg7EDQsPieE/53+0RlaWTs+wBrvW36cyilJ2SaDWfl4Yj7MtLTXleV9uEKefbAGUPv2/iWSooRA==",
      "engines": {
        "node": "*"
      }
    },
    "node_modules/crc32": {
      "version": "0.2.2",
      "resolved": "https://registry.npmjs.org/crc32/-/crc32-0.2.2.tgz",
      "integrity": "sha512-PFZEGbDUeoNbL2GHIEpJRQGheXReDody/9axKTxhXtQqIL443wnNigtVZO9iuCIMPApKZRv7k2xr8euXHqNxQQ==",
      "bin": {
        "crc32": "bin/runner.js"
      },
      "engines": {
        "node": ">= 0.4.0"
      }
    },
    "node_modules/crypt": {
      "version": "0.0.2",
      "resolved": "https://registry.npmjs.org/crypt/-/crypt-0.0.2.tgz",
      "integrity": "sha512-mCxBlsHFYh9C+HVpiEacem8FEBnMXgU9gy4zmNC+SXAZNB/1idgp/aulFJ4FgCi7GPEVbfyng092GqL2k2rmow==",
      "engines": {
        "node": "*"
      }
    },
    "node_modules/extend-shallow": {
      "version": "3.0.2",
      "resolved": "https://registry.npmjs.org/extend-shallow/-/extend-shallow-3.0.2.tgz",
      "integrity": "sha512-BwY5b5Ql4+qZoefgMj2NUmx+tehVTH/Kf4k1ZEtOHNFcm2wSxMRo992l6X3TIgni2eZVTZ85xMOjF31fwZAj6Q==",
      "dependencies": {
        "assign-symbols": "^1.0.0",
        "is-extendable": "^1.0.1"
      },
      "engines": {
        "node": ">=0.10.0"
      }
    },
    "node_modules/is-buffer": {
      "version": "1.1.6",
      "resolved": "https://registry.npmjs.org/is-buffer/-/is-buffer-1.1.6.tgz",
      "integrity": "sha512-NcdALwpXkTm5Zvvbk7owOUSvVvBKDgKP5/ewfXEznmQFfs4ZRmanOeKBTjRVjka3QFoN6XJ+9F3USqfHqTaU5w=="
    },
    "node_modules/is-extendable": {
      "version": "1.0.1",
      "resolved": "https://registry.npmjs.org/is-extendable/-/is-extendable-1.0.1.tgz",
      "integrity": "sha512-arnXMxT1hhoKo9k1LZdmlNyJdDDfy2v0fXjFlmok4+i8ul/6WlbVge9bhM74OpNPQPMGUToDtz+KXa1PneJxOA==",
      "dependencies": {
        "is-plain-object": "^2.0.4"
      },
      "engines": {
        "node": ">=0.10.0"
      }
    },
    "node_modules/is-plain-object": {
      "version": "2.0.4",
      "resolved": "https://registry.npmjs.org/is-plain-object/-/is-plain-object-2.0.4.tgz",
      "integrity": "sha512-h5PpgXkWitc38BBMYawTYMWJHFZJVnBquFE57xFpjB8pJFiF6gZ+bU+WyI/yqXiFR5mdLsgYNaPe8uao6Uv9Og==",
      "dependencies": {
        "isobject": "^3.0.1"
      },
      "engines": {
        "node": ">=0.10.0"
      }
    },
    "node_modules/isobject": {
      "version": "3.0.1",
      "resolved": "https://registry.npmjs.org/isobject/-/isobject-3.0.1.tgz",
      "integrity": "sha512-WhB9zCku7EGTj/HQQRz5aUQEUeoQZH2bWcltRErOpymJ4boYE6wL9Tbr23krRPSZ+C5zqNSrSw+Cc7sZZ4b7vg==",
      "engines": {
        "node": ">=0.10.0"
      }
    },
    "node_modules/md5": {
      "version": "2.3.0",
      "resolved": "https://registry.npmjs.org/md5/-/md5-2.3.0.tgz",
      "integrity": "sha512-T1GITYmFaKuO91vxyoQMFETst+O71VUPEU3ze5GNzDm0OWdP8v1ziTaAEPUr/3kLsY3Sftgz242A1SetQiDL7g==",
      "dependencies": {
        "charenc": "0.0.2",
        "crypt": "0.0.2",
        "is-buffer": "~1.1.6"
      }
    },
    "node_modules/robloach-datfile": {
      "version": "2.3.0",
      "resolved": "https://registry.npmjs.org/robloach-datfile/-/robloach-datfile-2.3.0.tgz",
      "integrity": "sha512-pwFFzM0fTr53EDMTwo70xSNmY2VbABcr4UMz1XWphwxwl8l+XjmlfDQ0h0hoOlEfkNoLhdgZy0p1MTDsbyl24A==",
      "dependencies": {
        "extend-shallow": "^3.0.2"
      }
    },
    "node_modules/sha1": {
      "version": "1.1.1",
      "resolved": "https://registry.npmjs.org/sha1/-/sha1-1.1.1.tgz",
      "integrity": "sha512-dZBS6OrMjtgVkopB1Gmo4RQCDKiZsqcpAQpkV/aaj+FCrCg8r4I4qMkDPQjBgLIxlmu9k4nUbWq6ohXahOneYA==",
      "dependencies": {
        "charenc": ">= 0.0.1",
        "crypt": ">= 0.0.1"
      },
      "engines": {
        "node": "*"
      }
    }
  },
  "dependencies": {
    "assign-symbols": {
      "version": "1.0.0",
      "resolved": "https://registry.npmjs.org/assign-symbols/-/assign-symbols-1.0.0.tgz",
      "integrity": "sha512-Q+JC7Whu8HhmTdBph/Tq59IoRtoy6KAm5zzPv00WdujX82lbAL8K7WVjne7vdCsAmbF4AYaDOPyO3k0kl8qIrw=="
    },
    "charenc": {
      "version": "0.0.2",
      "resolved": "https://registry.npmjs.org/charenc/-/charenc-0.0.2.tgz",
      "integrity": "sha512-yrLQ/yVUFXkzg7EDQsPieE/53+0RlaWTs+wBrvW36cyilJ2SaDWfl4Yj7MtLTXleV9uEKefbAGUPv2/iWSooRA=="
    },
    "crc32": {
      "version": "0.2.2",
      "resolved": "https://registry.npmjs.org/crc32/-/crc32-0.2.2.tgz",
      "integrity": "sha512-PFZEGbDUeoNbL2GHIEpJRQGheXReDody/9axKTxhXtQqIL443wnNigtVZO9iuCIMPApKZRv7k2xr8euXHqNxQQ=="
    },
    "crypt": {
      "version": "0.0.2",
      "resolved": "https://registry.npmjs.org/crypt/-/crypt-0.0.2.tgz",
      "integrity": "sha512-mCxBlsHFYh9C+HVpiEacem8FEBnMXgU9gy4zmNC+SXAZNB/1idgp/aulFJ4FgCi7GPEVbfyng092GqL2k2rmow=="
    },
    "extend-shallow": {
      "version": "3.0.2",
      "resolved": "https://registry.npmjs.org/extend-shallow/-/extend-shallow-3.0.2.tgz",
      "integrity": "sha512-BwY5b5Ql4+qZoefgMj2NUmx+tehVTH/Kf4k1ZEtOHNFcm2wSxMRo992l6X3TIgni2eZVTZ85xMOjF31fwZAj6Q==",
      "requires": {
        "assign-symbols": "^1.0.0",
        "is-extendable": "^1.0.1"
      }
    },
    "is-buffer": {
      "version": "1.1.6",
      "resolved": "https://registry.npmjs.org/is-buffer/-/is-buffer-1.1.6.tgz",
      "integrity": "sha512-NcdALwpXkTm5Zvvbk7owOUSvVvBKDgKP5/ewfXEznmQFfs4ZRmanOeKBTjRVjka3QFoN6XJ+9F3USqfHqTaU5w=="
    },
    "is-extendable": {
      "version": "1.0.1",
      "resolved": "https://registry.npmjs.org/is-extendable/-/is-extendable-1.0.1.tgz",
      "integrity": "sha512-arnXMxT1hhoKo9k1LZdmlNyJdDDfy2v0fXjFlmok4+i8ul/6WlbVge9bhM74OpNPQPMGUToDtz+KXa1PneJxOA==",
      "requires": {
        "is-plain-object": "^2.0.4"
      }
    },
    "is-plain-object": {
      "version": "2.0.4",
      "resolved": "https://registry.npmjs.org/is-plain-object/-/is-plain-object-2.0.4.tgz",
      "integrity": "sha512-h5PpgXkWitc38BBMYawTYMWJHFZJVnBquFE57xFpjB8pJFiF6gZ+bU+WyI/yqXiFR5mdLsgYNaPe8uao6Uv9Og==",
      "requires": {
        "isobject": "^3.0.1"
      }
    },
    "isobject": {
      "version": "3.0.1",
      "resolved": "https://registry.npmjs.org/isobject/-/isobject-3.0.1.tgz",
      "integrity": "sha512-WhB9zCku7EGTj/HQQRz5aUQEUeoQZH2bWcltRErOpymJ4boYE6wL9Tbr23krRPSZ+C5zqNSrSw+Cc7sZZ4b7vg=="
    },
    "md5": {
      "version": "2.3.0",
      "resolved": "https://registry.npmjs.org/md5/-/md5-2.3.0.tgz",
      "integrity": "sha512-T1GITYmFaKuO91vxyoQMFETst+O71VUPEU3ze5GNzDm0OWdP8v1ziTaAEPUr/3kLsY3Sftgz242A1SetQiDL7g==",
      "requires": {
        "charenc": "0.0.2",
        "crypt": "0.0.2",
        "is-buffer": "~1.1.6"
      }
    },
    "robloach-datfile": {
      "version": "2.3.0",
      "resolved": "https://registry.npmjs.org/robloach-datfile/-/robloach-datfile-2.3.0.tgz",
      "integrity": "sha512-pwFFzM0fTr53EDMTwo70xSNmY2VbABcr4UMz1XWphwxwl8l+XjmlfDQ0h0hoOlEfkNoLhdgZy0p1MTDsbyl24A==",
      "requires": {
        "extend-shallow": "^3.0.2"
      }
    },
    "sha1": {
      "version": "1.1.1",
      "resolved": "https://registry.npmjs.org/sha1/-/sha1-1.1.1.tgz",
      "integrity": "sha512-dZBS6OrMjtgVkopB1Gmo4RQCDKiZsqcpAQpkV/aaj+FCrCg8r4I4qMkDPQjBgLIxlmu9k4nUbWq6ohXahOneYA==",
      "requires": {
        "charenc": ">= 0.0.1",
        "crypt": ">= 0.0.1"
      }
    }
  }
}
